Microsoft Visual Studio Solution File, Format Version 12.00
# Visual Studio Version 17
VisualStudioVersion = 17.9.34714.143
MinimumVisualStudioVersion = 16.0.0.0
Project("{9A19103F-16F7-4668-BE54-9A1E7A4F7556}") = "FishDream", "FishDream\FishDream.csproj", "{2046E1FE-3702-4F49-A361-9C56AD36805E}"
EndProject
Project("{9A19103F-16F7-4668-BE54-9A1E7A4F7556}") = "FishDream.Client", "FishDream.Client\FishDream.Client.csproj", "{80312E50-B433-40B5-82E0-D14D9BBA4388}"
EndProject
Global
	GlobalSection(SolutionConfigurationPlatforms) = preSolution
		Debug|Any CPU = Debug|Any CPU
		Debug|x64 = Debug|x64
		Debug|x86 = Debug|x86
		Release|Any CPU = Release|Any CPU
		Release|x64 = Release|x64
		Release|x86 = Release|x86
	EndGlobalSection
	GlobalSection(ProjectConfigurationPlatforms) = postSolution
		{2046E1FE-3702-4F49-A361-9C56AD36805E}.Debug|Any CPU.ActiveCfg = Debug|Any CPU
		{2046E1FE-3702-4F49-A361-9C56AD36805E}.Debug|Any CPU.Build.0 = Debug|Any CPU
		{2046E1FE-3702-4F49-A361-9C56AD36805E}.Debug|x64.ActiveCfg = Debug|Any CPU
		{2046E1FE-3702-4F49-A361-9C56AD36805E}.Debug|x64.Build.0 = Debug|Any CPU
		{2046E1FE-3702-4F49-A361-9C56AD36805E}.Debug|x86.ActiveCfg = Debug|Any CPU
		{2046E1FE-3702-4F49-A361-9C56AD36805E}.Debug|x86.Build.0 = Debug|Any CPU
		{2046E1FE-3702-4F49-A361-9C56AD36805E}.Release|Any CPU.ActiveCfg = Release|Any CPU
		{2046E1FE-3702-4F49-A361-9C56AD36805E}.Release|Any CPU.Build.0 = Release|Any CPU
		{2046E1FE-3702-4F49-A361-9C56AD36805E}.Release|x64.ActiveCfg = Release|Any CPU
		{2046E1FE-3702-4F49-A361-9C56AD36805E}.Release|x64.Build.0 = Release|Any CPU
		{2046E1FE-3702-4F49-A361-9C56AD36805E}.Release|x86.ActiveCfg = Release|Any CPU
		{2046E1FE-3702-4F49-A361-9C56AD36805E}.Release|x86.Build.0 = Release|Any CPU
		{80312E50-B433-40B5-82E0-D14D9BBA4388}.Debug|Any CPU.ActiveCfg = Debug|Any CPU
		{80312E50-B433-40B5-82E0-D14D9BBA4388}.Debug|Any CPU.Build.0 = Debug|Any CPU
		{80312E50-B433-40B5-82E0-D14D9BBA4388}.Debug|x64.ActiveCfg = Debug|Any CPU
		{80312E50-B433-40B5-82E0-D14D9BBA4388}.Debug|x64.Build.0 = Debug|Any CPU
		{80312E50-B433-40B5-82E0-D14D9BBA4388}.Debug|x86.ActiveCfg = Debug|Any CPU
		{80312E50-B433-40B5-82E0-D14D9BBA4388}.Debug|x86.Build.0 = Debug|Any CPU
		{80312E50-B433-40B5-82E0-D14D9BBA4388}.Release|Any CPU.ActiveCfg = Release|Any CPU
		{80312E50-B433-40B5-82E0-D14D9BBA4388}.Release|Any CPU.Build.0 = Release|Any CPU
		{80312E50-B433-40B5-82E0-D14D9BBA4388}.Release|x64.ActiveCfg = Release|Any CPU
		{80312E50-B433-40B5-82E0-D14D9BBA4388}.Release|x64.Build.0 = Release|Any CPU
		{80312E50-B433-40B5-82E0-D14D9BBA4388}.Release|x86.ActiveCfg = Release|Any CPU
		{80312E50-B433-40B5-82E0-D14D9BBA4388}.Release|x86.Build.0 = Release|Any CPU
	EndGlobalSection
	GlobalSection(SolutionProperties) = preSolution
		HideSolutionNode = FALSE
	EndGlobalSection
	GlobalSection(ExtensibilityGlobals) = postSolution
		SolutionGuid = {8C88EE98-FBB6-4AC0-855E-005F1CBB83F0}
	EndGlobalSection
EndGlobal
